// !$*UTF8*$!
{
	archiveVersion = 1;
	classes = {
	};
	objectVersion = 77;
	objects = {

/* Begin PBXBuildFile section */
		8731FCB5FF47A441CE22F0F3 /* Foundation.framework in Frameworks */ = {isa = PBXBuildFile; fileRef = 49AA8EBA079DF8E225A6381D /* Foundation.framework */; };
		C586E8BDBA6B4E7CBF3B5F5A /* AlarmPackWidget.swift in Sources */ = {isa = PBXBuildFile; fileRef = 15F53D2E5919F991F4C468B2 /* AlarmPackWidget.swift */; };
/* End PBXBuildFile section */

/* Begin PBXContainerItemProxy section */
		6A6805F52FBDFBED00DE4AF1 /* PBXContainerItemProxy */ = {
			isa = PBXContainerItemProxy;
			containerPortal = 6A6805DF2FBDFBEB00DE4AF1 /* Project object */;
			proxyType = 1;
			remoteGlobalIDString = 6A6805E62FBDFBEB00DE4AF1;
			remoteInfo = AlarmPack;
		};
		6A6805FF2FBDFBED00DE4AF1 /* PBXContainerItemProxy */ = {
			isa = PBXContainerItemProxy;
			containerPortal = 6A6805DF2FBDFBEB00DE4AF1 /* Project object */;
			proxyType = 1;
			remoteGlobalIDString = 6A6805E62FBDFBEB00DE4AF1;
			remoteInfo = AlarmPack;
		};
/* End PBXContainerItemProxy section */

/* Begin PBXFileReference section */
		15F53D2E5919F991F4C468B2 /* AlarmPackWidget.swift */ = {isa = PBXFileReference; includeInIndex = 1; lastKnownFileType = sourcecode.swift; path = AlarmPackWidget.swift; sourceTree = "<group>"; };
		49AA8EBA079DF8E225A6381D /* Foundation.framework */ = {isa = PBXFileReference; lastKnownFileType = wrapper.framework; name = Foundation.framework; path = Platforms/iPhoneOS.platform/Developer/SDKs/iPhoneOS18.0.sdk/System/Library/Frameworks/Foundation.framework; sourceTree = DEVELOPER_DIR; };
		6450E2FADB66FBC2302408A3 /* AlarmPackWidget */ = {isa = PBXFileReference; explicitFileType = "wrapper.app-extension"; includeInIndex = 0; path = AlarmPackWidget.appex; sourceTree = BUILT_PRODUCTS_DIR; };
		6A6805E72FBDFBEB00DE4AF1 /* AlarmPack.app */ = {isa = PBXFileReference; explicitFileType = wrapper.application; includeInIndex = 0; path = AlarmPack.app; sourceTree = BUILT_PRODUCTS_DIR; };
		6A6805F42FBDFBED00DE4AF1 /* AlarmPackTests.xctest */ = {isa = PBXFileReference; explicitFileType = wrapper.cfbundle; includeInIndex = 0; path = AlarmPackTests.xctest; sourceTree = BUILT_PRODUCTS_DIR; };
		6A6805FE2FBDFBED00DE4AF1 /* AlarmPackUITests.xctest */ = {isa = PBXFileReference; explicitFileType = wrapper.cfbundle; includeInIndex = 0; path = AlarmPackUITests.xctest; sourceTree = BUILT_PRODUCTS_DIR; };
		F005B2027B6CEE795C482E63 /* AlarmPackWidget.entitlements */ = {isa = PBXFileReference; includeInIndex = 1; lastKnownFileType = text.plist.entitlements; path = AlarmPackWidget.entitlements; sourceTree = "<group>"; };
/* End PBXFileReference section */

/* Begin PBXFileSystemSynchronizedRootGroup section */
		6A6805E92FBDFBEB00DE4AF1 /* AlarmPack */ = {
			isa = PBXFileSystemSynchronizedRootGroup;
			exceptions = (
			);
			path = AlarmPack;
			sourceTree = "<group>";
		};
		6A6805F72FBDFBED00DE4AF1 /* AlarmPackTests */ = {
			isa = PBXFileSystemSynchronizedRootGroup;
			exceptions = (
			);
			path = AlarmPackTests;
			sourceTree = "<group>";
		};
		6A6806012FBDFBED00DE4AF1 /* AlarmPackUITests */ = {
			isa = PBXFileSystemSynchronizedRootGroup;
			exceptions = (
			);
			path = AlarmPackUITests;
			sourceTree = "<group>";
		};
/* End PBXFileSystemSynchronizedRootGroup section */

/* Begin PBXFrameworksBuildPhase section */
		6A6805E42FBDFBEB00DE4AF1 /* Frameworks */ = {
			isa = PBXFrameworksBuildPhase;
			buildActionMask = 2147483647;
			files = (
			);
			runOnlyForDeploymentPostprocessing = 0;
		};
		6A6805F12FBDFBED00DE4AF1 /* Frameworks */ = {
			isa = PBXFrameworksBuildPhase;
			buildActionMask = 2147483647;
			files = (
			);
			runOnlyForDeploymentPostprocessing = 0;
		};
		6A6805FB2FBDFBED00DE4AF1 /* Frameworks */ = {
			isa = PBXFrameworksBuildPhase;
			buildActionMask = 2147483647;
			files = (
			);
			runOnlyForDeploymentPostprocessing = 0;
		};
		CBD337ABF361AA63CBDD1B7B /* Frameworks */ = {
			isa = PBXFrameworksBuildPhase;
			buildActionMask = 2147483647;
			files = (
				8731FCB5FF47A441CE22F0F3 /* Foundation.framework in Frameworks */,
			);
			runOnlyForDeploymentPostprocessing = 0;
		};
/* End PBXFrameworksBuildPhase section */

/* Begin PBXGroup section */
		44B0CC6DEE340EAD30FC27C0 /* AlarmPackWidget */ = {
			isa = PBXGroup;
			children = (
				15F53D2E5919F991F4C468B2 /* AlarmPackWidget.swift */,
				F005B2027B6CEE795C482E63 /* AlarmPackWidget.entitlements */,
			);
			name = AlarmPackWidget;
			path = AlarmPackWidget;
			sourceTree = "<group>";
		};
		5B41B0C8A5E057408A1451F0 /* Frameworks */ = {
			isa = PBXGroup;
			children = (
				62529E34382103D3ED65503D /* iOS */,
			);
			name = Frameworks;
			sourceTree = "<group>";
		};
		62529E34382103D3ED65503D /* iOS */ = {
			isa = PBXGroup;
			children = (
				49AA8EBA079DF8E225A6381D /* Foundation.framework */,
			);
			name = iOS;
			sourceTree = "<group>";
		};
		6A6805DE2FBDFBEB00DE4AF1 = {
			isa = PBXGroup;
			children = (
				6A6805E92FBDFBEB00DE4AF1 /* AlarmPack */,
				6A6805F72FBDFBED00DE4AF1 /* AlarmPackTests */,
				6A6806012FBDFBED00DE4AF1 /* AlarmPackUITests */,
				6A6805E82FBDFBEB00DE4AF1 /* Products */,
				5B41B0C8A5E057408A1451F0 /* Frameworks */,
				44B0CC6DEE340EAD30FC27C0 /* AlarmPackWidget */,
			);
			sourceTree = "<group>";
		};
		6A6805E82FBDFBEB00DE4AF1 /* Products */ = {
			isa = PBXGroup;
			children = (
				6A6805E72FBDFBEB00DE4AF1 /* AlarmPack.app */,
				6A6805F42FBDFBED00DE4AF1 /* AlarmPackTests.xctest */,
				6A6805FE2FBDFBED00DE4AF1 /* AlarmPackUITests.xctest */,
				6450E2FADB66FBC2302408A3 /* AlarmPackWidget */,
			);
			name = Products;
			sourceTree = "<group>";
		};
/* End PBXGroup section */

/* Begin PBXNativeTarget section */
		362B925FB33A88E8C0ACCED8 /* AlarmPackWidget */ = {
			isa = PBXNativeTarget;
			buildConfigurationList = BBC0B01216A66741378C19FF /* Build configuration list for PBXNativeTarget "AlarmPackWidget" */;
			buildPhases = (
				6E082F190288198BAEAB07D6 /* Sources */,
				CBD337ABF361AA63CBDD1B7B /* Frameworks */,
				10ED22B88452E33A0D322488 /* Resources */,
			);
			buildRules = (
			);
			dependencies = (
			);
			name = AlarmPackWidget;
			productName = AlarmPackWidget;
			productReference = 6450E2FADB66FBC2302408A3 /* AlarmPackWidget */;
			productType = "com.apple.product-type.app-extension";
		};
		6A6805E62FBDFBEB00DE4AF1 /* AlarmPack */ = {
			isa = PBXNativeTarget;
			buildConfigurationList = 6A6806082FBDFBED00DE4AF1 /* Build configuration list for PBXNativeTarget "AlarmPack" */;
			buildPhases = (
				6A6805E32FBDFBEB00DE4AF1 /* Sources */,
				6A6805E42FBDFBEB00DE4AF1 /* Frameworks */,
				6A6805E52FBDFBEB00DE4AF1 /* Resources */,
			);
			buildRules = (
			);
			dependencies = (
			);
			fileSystemSynchronizedGroups = (
				6A6805E92FBDFBEB00DE4AF1 /* AlarmPack */,
			);
			name = AlarmPack;
			productName = AlarmPack;
			productReference = 6A6805E72FBDFBEB00DE4AF1 /* AlarmPack.app */;
			productType = "com.apple.product-type.application";
		};
		6A6805F32FBDFBED00DE4AF1 /* AlarmPackTests */ = {
			isa = PBXNativeTarget;
			buildConfigurationList = 6A68060B2FBDFBED00DE4AF1 /* Build configuration list for PBXNativeTarget "AlarmPackTests" */;
			buildPhases = (
				6A6805F02FBDFBED00DE4AF1 /* Sources */,
				6A6805F12FBDFBED00DE4AF1 /* Frameworks */,
				6A6805F22FBDFBED00DE4AF1 /* Resources */,
			);
			buildRules = (
			);
			dependencies = (
				6A6805F62FBDFBED00DE4AF1 /* PBXTargetDependency */,
			);
			fileSystemSynchronizedGroups = (
				6A6805F72FBDFBED00DE4AF1 /* AlarmPackTests */,
			);
			name = AlarmPackTests;
			productName = AlarmPackTests;
			productReference = 6A6805F42FBDFBED00DE4AF1 /* AlarmPackTests.xctest */;
			productType = "com.apple.product-type.bundle.unit-test";
		};
		6A6805FD2FBDFBED00DE4AF1 /* AlarmPackUITests */ = {
			isa = PBXNativeTarget;
			buildConfigurationList = 6A68060E2FBDFBED00DE4AF1 /* Build configuration list for PBXNativeTarget "AlarmPackUITests" */;
			buildPhases = (
				6A6805FA2FBDFBED00DE4AF1 /* Sources */,
				6A6805FB2FBDFBED00DE4AF1 /* Frameworks */,
				6A6805FC2FBDFBED00DE4AF1 /* Resources */,
			);
			buildRules = (
			);
			dependencies = (
				6A6806002FBDFBED00DE4AF1 /* PBXTargetDependency */,
			);
			fileSystemSynchronizedGroups = (
				6A6806012FBDFBED00DE4AF1 /* AlarmPackUITests */,
			);
			name = AlarmPackUITests;
			productName = AlarmPackUITests;
			productReference = 6A6805FE2FBDFBED00DE4AF1 /* AlarmPackUITests.xctest */;
			productType = "com.apple.product-type.bundle.ui-testing";
		};
/* End PBXNativeTarget section */

/* Begin PBXProject section */
		6A6805DF2FBDFBEB00DE4AF1 /* Project object */ = {
			isa = PBXProject;
			attributes = {
				BuildIndependentTargetsInParallel = 1;
				LastSwiftUpdateCheck = 2640;
				LastUpgradeCheck = 2640;
				TargetAttributes = {
					6A6805E62FBDFBEB00DE4AF1 = {
						CreatedOnToolsVersion = 26.4.1;
					};
					6A6805F32FBDFBED00DE4AF1 = {
						CreatedOnToolsVersion = 26.4.1;
						TestTargetID = 6A6805E62FBDFBEB00DE4AF1;
					};
					6A6805FD2FBDFBED00DE4AF1 = {
						CreatedOnToolsVersion = 26.4.1;
						TestTargetID = 6A6805E62FBDFBEB00DE4AF1;
					};
				};
			};
			buildConfigurationList = 6A6805E22FBDFBEB00DE4AF1 /* Build configuration list for PBXProject "AlarmPack" */;
			developmentRegion = en;
			hasScannedForEncodings = 0;
			knownRegions = (
				en,
				Base,
			);
			mainGroup = 6A6805DE2FBDFBEB00DE4AF1;
			minimizedProjectReferenceProxies = 1;
			preferredProjectObjectVersion = 77;
			productRefGroup = 6A6805E82FBDFBEB00DE4AF1 /* Products */;
			projectDirPath = "";
			projectRoot = "";
			targets = (
				6A6805E62FBDFBEB00DE4AF1 /* AlarmPack */,
				6A6805F32FBDFBED00DE4AF1 /* AlarmPackTests */,
				6A6805FD2FBDFBED00DE4AF1 /* AlarmPackUITests */,
				362B925FB33A88E8C0ACCED8 /* AlarmPackWidget */,
			);
		};
/* End PBXProject section */

/* Begin PBXResourcesBuildPhase section */
		10ED22B88452E33A0D322488 /* Resources */ = {
			isa = PBXResourcesBuildPhase;
			buildActionMask = 2147483647;
			files = (
			);
			runOnlyForDeploymentPostprocessing = 0;
		};
		6A6805E52FBDFBEB00DE4AF1 /* Resources */ = {
			isa = PBXResourcesBuildPhase;
			buildActionMask = 2147483647;
			files = (
			);
			runOnlyForDeploymentPostprocessing = 0;
		};
		6A6805F22FBDFBED00DE4AF1 /* Resources */ = {
			isa = PBXResourcesBuildPhase;
			buildActionMask = 2147483647;
			files = (
			);
			runOnlyForDeploymentPostprocessing = 0;
		};
		6A6805FC2FBDFBED00DE4AF1 /* Resources */ = {
			isa = PBXResourcesBuildPhase;
			buildActionMask = 2147483647;
			files = (
			);
			runOnlyForDeploymentPostprocessing = 0;
		};
/* End PBXResourcesBuildPhase section */

/* Begin PBXSourcesBuildPhase section */
		6A6805E32FBDFBEB00DE4AF1 /* Sources */ = {
			isa = PBXSourcesBuildPhase;
			buildActionMask = 2147483647;
			files = (
			);
			runOnlyForDeploymentPostprocessing = 0;
		};
		6A6805F02FBDFBED00DE4AF1 /* Sources */ = {
			isa = PBXSourcesBuildPhase;
			buildActionMask = 2147483647;
			files = (
			);
			runOnlyForDeploymentPostprocessing = 0;
		};
		6A6805FA2FBDFBED00DE4AF1 /* Sources */ = {
			isa = PBXSourcesBuildPhase;
			buildActionMask = 2147483647;
			files = (
			);
			runOnlyForDeploymentPostprocessing = 0;
		};
		6E082F190288198BAEAB07D6 /* Sources */ = {
			isa = PBXSourcesBuildPhase;
			buildActionMask = 2147483647;
			files = (
				C586E8BDBA6B4E7CBF3B5F5A /* AlarmPackWidget.swift in Sources */,
			);
			runOnlyForDeploymentPostprocessing = 0;
		};
/* End PBXSourcesBuildPhase section */

/* Begin PBXTargetDependency section */
		6A6805F62FBDFBED00DE4AF1 /* PBXTargetDependency */ = {
			isa = PBXTargetDependency;
			target = 6A6805E62FBDFBEB00DE4AF1 /* AlarmPack */;
			targetProxy = 6A6805F52FBDFBED00DE4AF1 /* PBXContainerItemProxy */;
		};
		6A6806002FBDFBED00DE4AF1 /* PBXTargetDependency */ = {
			isa = PBXTargetDependency;
			target = 6A6805E62FBDFBEB00DE4AF1 /* AlarmPack */;
			targetProxy = 6A6805FF2FBDFBED00DE4AF1 /* PBXContainerItemProxy */;
		};
/* End PBXTargetDependency section */

/* Begin XCBuildConfiguration section */
		6A30D84AB4FF8DF6D0EF1914 /* Debug */ = {
			isa = XCBuildConfiguration;
			buildSettings = {
				ASSETCATALOG_COMPILER_GLOBAL_ACCENT_COLOR_NAME = AccentColor;
				CLANG_ENABLE_OBJC_WEAK = NO;
				CODE_SIGN_ENTITLEMENTS = AlarmPackWidget/AlarmPackWidget.entitlements;
				CODE_SIGN_STYLE = Automatic;
				CURRENT_PROJECT_VERSION = 1;
				DEVELOPMENT_TEAM = JP4TN5PTS3;
				GENERATE_INFOPLIST_FILE = YES;
				INFOPLIST_KEY_CFBundleDisplayName = AlarmPackWidget;
				INFOPLIST_KEY_NSHumanReadableCopyright = "";
				IPHONEOS_DEPLOYMENT_TARGET = 17.0;
				LD_RUNPATH_SEARCH_PATHS = (
					"$(inherited)",
					"@executable_path/Frameworks",
					"@executable_path/../../Frameworks",
				);
				MARKETING_VERSION = 1.0;
				PRODUCT_BUNDLE_IDENTIFIER = com.zzoutuo.AlarmPack.AlarmPackWidget;
				PRODUCT_NAME = "$(TARGET_NAME)";
				SDKROOT = iphoneos;
				SWIFT_APPROACHABLE_CONCURRENCY = YES;
				SWIFT_DEFAULT_ACTOR_ISOLATION = MainActor;
				SWIFT_EMIT_LOC_STRINGS = YES;
				SWIFT_VERSION = 5.0;
				TARGETED_DEVICE_FAMILY = "1,2";
			};
			name = Debug;
		};
		6A6806062FBDFBED00DE4AF1 /* Debug */ = {
			isa = XCBuildConfiguration;
			buildSettings = {
				ALWAYS_SEARCH_USER_PATHS = NO;
				ASSETCATALOG_COMPILER_GENERATE_SWIFT_ASSET_SYMBOL_EXTENSIONS = YES;
				CLANG_ANALYZER_NONNULL = YES;
				CLANG_ANALYZER_NUMBER_OBJECT_CONVERSION = YES_AGGRESSIVE;
				CLANG_CXX_LANGUAGE_STANDARD = "gnu++20";
				CLANG_ENABLE_MODULES = YES;
				CLANG_ENABLE_OBJC_ARC = YES;
				CLANG_ENABLE_OBJC_WEAK = YES;
				CLANG_WARN_BLOCK_CAPTURE_AUTORELEASING = YES;
				CLANG_WARN_BOOL_CONVERSION = YES;
				CLANG_WARN_COMMA = YES;
				CLANG_WARN_CONSTANT_CONVERSION = YES;
				CLANG_WARN_DEPRECATED_OBJC_IMPLEMENTATIONS = YES;
				CLANG_WARN_DIRECT_OBJC_ISA_USAGE = YES_ERROR;
				CLANG_WARN_DOCUMENTATION_COMMENTS = YES;
				CLANG_WARN_EMPTY_BODY = YES;
				CLANG_WARN_ENUM_CONVERSION = YES;
				CLANG_WARN_INFINITE_RECURSION = YES;
				CLANG_WARN_INT_CONVERSION = YES;
				CLANG_WARN_NON_LITERAL_NULL_CONVERSION = YES;
				CLANG_WARN_OBJC_IMPLICIT_RETAIN_SELF = YES;
				CLANG_WARN_OBJC_LITERAL_CONVERSION = YES;
				CLANG_WARN_OBJC_ROOT_CLASS = YES_ERROR;
				CLANG_WARN_QUOTED_INCLUDE_IN_FRAMEWORK_HEADER = YES;
				CLANG_WARN_RANGE_LOOP_ANALYSIS = YES;
				CLANG_WARN_STRICT_PROTOTYPES = YES;
				CLANG_WARN_SUSPICIOUS_MOVE = YES;
				CLANG_WARN_UNGUARDED_AVAILABILITY = YES_AGGRESSIVE;
				CLANG_WARN_UNREACHABLE_CODE = YES;
				CLANG_WARN__DUPLICATE_METHOD_MATCH = YES;
				COPY_PHASE_STRIP = NO;
				DEBUG_INFORMATION_FORMAT = dwarf;
				DEVELOPMENT_TEAM = JP4TN5PTS3;
				ENABLE_STRICT_OBJC_MSGSEND = YES;
				ENABLE_TESTABILITY = YES;
				ENABLE_USER_SCRIPT_SANDBOXING = YES;
				GCC_C_LANGUAGE_STANDARD = gnu17;
				GCC_DYNAMIC_NO_PIC = NO;
				GCC_NO_COMMON_BLOCKS = YES;
				GCC_OPTIMIZATION_LEVEL = 0;
				GCC_PREPROCESSOR_DEFINITIONS = (
					"DEBUG=1",
					"$(inherited)",
				);
				GCC_WARN_64_TO_32_BIT_CONVERSION = YES;
				GCC_WARN_ABOUT_RETURN_TYPE = YES_ERROR;
				GCC_WARN_UNDECLARED_SELECTOR = YES;
				GCC_WARN_UNINITIALIZED_AUTOS = YES_AGGRESSIVE;
				GCC_WARN_UNUSED_FUNCTION = YES;
				GCC_WARN_UNUSED_VARIABLE = YES;
				IPHONEOS_DEPLOYMENT_TARGET = 26.4;
				LOCALIZATION_PREFERS_STRING_CATALOGS = YES;
				MTL_ENABLE_DEBUG_INFO = INCLUDE_SOURCE;
				MTL_FAST_MATH = YES;
				ONLY_ACTIVE_ARCH = YES;
				SDKROOT = iphoneos;
				SWIFT_ACTIVE_COMPILATION_CONDITIONS = "DEBUG $(inherited)";
				SWIFT_OPTIMIZATION_LEVEL = "-Onone";
			};
			name = Debug;
		};
		6A6806072FBDFBED00DE4AF1 /* Release */ = {
			isa = XCBuildConfiguration;
			buildSettings = {
				ALWAYS_SEARCH_USER_PATHS = NO;
				ASSETCATALOG_COMPILER_GENERATE_SWIFT_ASSET_SYMBOL_EXTENSIONS = YES;
				CLANG_ANALYZER_NONNULL = YES;
				CLANG_ANALYZER_NUMBER_OBJECT_CONVERSION = YES_AGGRESSIVE;
				CLANG_CXX_LANGUAGE_STANDARD = "gnu++20";
				CLANG_ENABLE_MODULES = YES;
				CLANG_ENABLE_OBJC_ARC = YES;
				CLANG_ENABLE_OBJC_WEAK = YES;
				CLANG_WARN_BLOCK_CAPTURE_AUTORELEASING = YES;
				CLANG_WARN_BOOL_CONVERSION = YES;
				CLANG_WARN_COMMA = YES;
				CLANG_WARN_CONSTANT_CONVERSION = YES;
				CLANG_WARN_DEPRECATED_OBJC_IMPLEMENTATIONS = YES;
				CLANG_WARN_DIRECT_OBJC_ISA_USAGE = YES_ERROR;
				CLANG_WARN_DOCUMENTATION_COMMENTS = YES;
				CLANG_WARN_EMPTY_BODY = YES;
				CLANG_WARN_ENUM_CONVERSION = YES;
				CLANG_WARN_INFINITE_RECURSION = YES;
				CLANG_WARN_INT_CONVERSION = YES;
				CLANG_WARN_NON_LITERAL_NULL_CONVERSION = YES;
				CLANG_WARN_OBJC_IMPLICIT_RETAIN_SELF = YES;
				CLANG_WARN_OBJC_LITERAL_CONVERSION = YES;
				CLANG_WARN_OBJC_ROOT_CLASS = YES_ERROR;
				CLANG_WARN_QUOTED_INCLUDE_IN_FRAMEWORK_HEADER = YES;
				CLANG_WARN_RANGE_LOOP_ANALYSIS = YES;
				CLANG_WARN_STRICT_PROTOTYPES = YES;
				CLANG_WARN_SUSPICIOUS_MOVE = YES;
				CLANG_WARN_UNGUARDED_AVAILABILITY = YES_AGGRESSIVE;
				CLANG_WARN_UNREACHABLE_CODE = YES;
				CLANG_WARN__DUPLICATE_METHOD_MATCH = YES;
				COPY_PHASE_STRIP = NO;
				DEBUG_INFORMATION_FORMAT = "dwarf-with-dsym";
				DEVELOPMENT_TEAM = JP4TN5PTS3;
				ENABLE_NS_ASSERTIONS = NO;
				ENABLE_STRICT_OBJC_MSGSEND = YES;
				ENABLE_USER_SCRIPT_SANDBOXING = YES;
				GCC_C_LANGUAGE_STANDARD = gnu17;
				GCC_NO_COMMON_BLOCKS = YES;
				GCC_WARN_64_TO_32_BIT_CONVERSION = YES;
				GCC_WARN_ABOUT_RETURN_TYPE = YES_ERROR;
				GCC_WARN_UNDECLARED_SELECTOR = YES;
				GCC_WARN_UNINITIALIZED_AUTOS = YES_AGGRESSIVE;
				GCC_WARN_UNUSED_FUNCTION = YES;
				GCC_WARN_UNUSED_VARIABLE = YES;
				IPHONEOS_DEPLOYMENT_TARGET = 26.4;
				LOCALIZATION_PREFERS_STRING_CATALOGS = YES;
				MTL_ENABLE_DEBUG_INFO = NO;
				MTL_FAST_MATH = YES;
				SDKROOT = iphoneos;
				SWIFT_COMPILATION_MODE = wholemodule;
				VALIDATE_PRODUCT = YES;
			};
			name = Release;
		};
		6A6806092FBDFBED00DE4AF1 /* Debug */ = {
			isa = XCBuildConfiguration;
			buildSettings = {
				ASSETCATALOG_COMPILER_APPICON_NAME = AppIcon;
				ASSETCATALOG_COMPILER_GLOBAL_ACCENT_COLOR_NAME = AccentColor;
				CODE_SIGN_ENTITLEMENTS = AlarmPack/AlarmPack.entitlements;
				CODE_SIGN_STYLE = Automatic;
				CURRENT_PROJECT_VERSION = 1;
				DEVELOPMENT_TEAM = JP4TN5PTS3;
				ENABLE_PREVIEWS = YES;
				GENERATE_INFOPLIST_FILE = YES;
				INFOPLIST_KEY_NSAlarmKitUsageDescription = "AlarmPack needs alarm permission to schedule and manage your grouped alarms.";
				INFOPLIST_KEY_UIApplicationSceneManifest_Generation = YES;
				INFOPLIST_KEY_UIApplicationSupportsIndirectInputEvents = YES;
				INFOPLIST_KEY_UILaunchScreen_Generation = YES;
				INFOPLIST_KEY_UISupportedInterfaceOrientations_iPad = "UIInterfaceOrientationPortrait UIInterfaceOrientationPortraitUpsideDown UIInterfaceOrientationLandscapeLeft UIInterfaceOrientationLandscapeRight";
				INFOPLIST_KEY_UISupportedInterfaceOrientations_iPhone = "UIInterfaceOrientationPortrait UIInterfaceOrientationLandscapeLeft UIInterfaceOrientationLandscapeRight";
				IPHONEOS_DEPLOYMENT_TARGET = 17;
				LD_RUNPATH_SEARCH_PATHS = (
					"$(inherited)",
					"@executable_path/Frameworks",
				);
				MARKETING_VERSION = 1.0;
				PRODUCT_BUNDLE_IDENTIFIER = com.zzoutuo.AlarmPack;
				PRODUCT_NAME = "$(TARGET_NAME)";
				STRING_CATALOG_GENERATE_SYMBOLS = YES;
				SWIFT_APPROACHABLE_CONCURRENCY = YES;
				SWIFT_DEFAULT_ACTOR_ISOLATION = MainActor;
				SWIFT_EMIT_LOC_STRINGS = YES;
				SWIFT_UPCOMING_FEATURE_MEMBER_IMPORT_VISIBILITY = YES;
				SWIFT_VERSION = 5.0;
				TARGETED_DEVICE_FAMILY = "1,2";
			};
			name = Debug;
		};
		6A68060A2FBDFBED00DE4AF1 /* Release */ = {
			isa = XCBuildConfiguration;
			buildSettings = {
				ASSETCATALOG_COMPILER_APPICON_NAME = AppIcon;
				ASSETCATALOG_COMPILER_GLOBAL_ACCENT_COLOR_NAME = AccentColor;
				CODE_SIGN_ENTITLEMENTS = AlarmPack/AlarmPack.entitlements;
				CODE_SIGN_STYLE = Automatic;
				CURRENT_PROJECT_VERSION = 1;
				DEVELOPMENT_TEAM = JP4TN5PTS3;
				ENABLE_PREVIEWS = YES;
				GENERATE_INFOPLIST_FILE = YES;
				INFOPLIST_KEY_NSAlarmKitUsageDescription = "AlarmPack needs alarm permission to schedule and manage your grouped alarms.";
				INFOPLIST_KEY_UIApplicationSceneManifest_Generation = YES;
				INFOPLIST_KEY_UIApplicationSupportsIndirectInputEvents = YES;
				INFOPLIST_KEY_UILaunchScreen_Generation = YES;
				INFOPLIST_KEY_UISupportedInterfaceOrientations_iPad = "UIInterfaceOrientationPortrait UIInterfaceOrientationPortraitUpsideDown UIInterfaceOrientationLandscapeLeft UIInterfaceOrientationLandscapeRight";
				INFOPLIST_KEY_UISupportedInterfaceOrientations_iPhone = "UIInterfaceOrientationPortrait UIInterfaceOrientationLandscapeLeft UIInterfaceOrientationLandscapeRight";
				IPHONEOS_DEPLOYMENT_TARGET = 17;
				LD_RUNPATH_SEARCH_PATHS = (
					"$(inherited)",
					"@executable_path/Frameworks",
				);
				MARKETING_VERSION = 1.0;
				PRODUCT_BUNDLE_IDENTIFIER = com.zzoutuo.AlarmPack;
				PRODUCT_NAME = "$(TARGET_NAME)";
				STRING_CATALOG_GENERATE_SYMBOLS = YES;
				SWIFT_APPROACHABLE_CONCURRENCY = YES;
				SWIFT_DEFAULT_ACTOR_ISOLATION = MainActor;
				SWIFT_EMIT_LOC_STRINGS = YES;
				SWIFT_UPCOMING_FEATURE_MEMBER_IMPORT_VISIBILITY = YES;
				SWIFT_VERSION = 5.0;
				TARGETED_DEVICE_FAMILY = "1,2";
			};
			name = Release;
		};
		6A68060C2FBDFBED00DE4AF1 /* Debug */ = {
			isa = XCBuildConfiguration;
			buildSettings = {
				BUNDLE_LOADER = "$(TEST_HOST)";
				CODE_SIGN_STYLE = Automatic;
				CURRENT_PROJECT_VERSION = 1;
				DEVELOPMENT_TEAM = JP4TN5PTS3;
				GENERATE_INFOPLIST_FILE = YES;
				IPHONEOS_DEPLOYMENT_TARGET = 26.4;
				MARKETING_VERSION = 1.0;
				PRODUCT_BUNDLE_IDENTIFIER = com.zzoutuo.AlarmPack.AlarmPackTests;
				PRODUCT_NAME = "$(TARGET_NAME)";
				STRING_CATALOG_GENERATE_SYMBOLS = NO;
				SWIFT_APPROACHABLE_CONCURRENCY = YES;
				SWIFT_EMIT_LOC_STRINGS = NO;
				SWIFT_UPCOMING_FEATURE_MEMBER_IMPORT_VISIBILITY = YES;
				SWIFT_VERSION = 5.0;
				TARGETED_DEVICE_FAMILY = "1,2";
				TEST_HOST = "$(BUILT_PRODUCTS_DIR)/AlarmPack.app/$(BUNDLE_EXECUTABLE_FOLDER_PATH)/AlarmPack";
			};
			name = Debug;
		};
		6A68060D2FBDFBED00DE4AF1 /* Release */ = {
			isa = XCBuildConfiguration;
			buildSettings = {
				BUNDLE_LOADER = "$(TEST_HOST)";
				CODE_SIGN_STYLE = Automatic;
				CURRENT_PROJECT_VERSION = 1;
				DEVELOPMENT_TEAM = JP4TN5PTS3;
				GENERATE_INFOPLIST_FILE = YES;
				IPHONEOS_DEPLOYMENT_TARGET = 26.4;
				MARKETING_VERSION = 1.0;
				PRODUCT_BUNDLE_IDENTIFIER = com.zzoutuo.AlarmPack.AlarmPackTests;
				PRODUCT_NAME = "$(TARGET_NAME)";
				STRING_CATALOG_GENERATE_SYMBOLS = NO;
				SWIFT_APPROACHABLE_CONCURRENCY = YES;
				SWIFT_EMIT_LOC_STRINGS = NO;
				SWIFT_UPCOMING_FEATURE_MEMBER_IMPORT_VISIBILITY = YES;
				SWIFT_VERSION = 5.0;
				TARGETED_DEVICE_FAMILY = "1,2";
				TEST_HOST = "$(BUILT_PRODUCTS_DIR)/AlarmPack.app/$(BUNDLE_EXECUTABLE_FOLDER_PATH)/AlarmPack";
			};
			name = Release;
		};
		6A68060F2FBDFBED00DE4AF1 /* Debug */ = {
			isa = XCBuildConfiguration;
			buildSettings = {
				CODE_SIGN_STYLE = Automatic;
				CURRENT_PROJECT_VERSION = 1;
				DEVELOPMENT_TEAM = JP4TN5PTS3;
				GENERATE_INFOPLIST_FILE = YES;
				MARKETING_VERSION = 1.0;
				PRODUCT_BUNDLE_IDENTIFIER = com.zzoutuo.AlarmPack.AlarmPackUITests;
				PRODUCT_NAME = "$(TARGET_NAME)";
				STRING_CATALOG_GENERATE_SYMBOLS = NO;
				SWIFT_APPROACHABLE_CONCURRENCY = YES;
				SWIFT_EMIT_LOC_STRINGS = NO;
				SWIFT_UPCOMING_FEATURE_MEMBER_IMPORT_VISIBILITY = YES;
				SWIFT_VERSION = 5.0;
				TARGETED_DEVICE_FAMILY = "1,2";
				TEST_TARGET_NAME = AlarmPack;
			};
			name = Debug;
		};
		6A6806102FBDFBED00DE4AF1 /* Release */ = {
			isa = XCBuildConfiguration;
			buildSettings = {
				CODE_SIGN_STYLE = Automatic;
				CURRENT_PROJECT_VERSION = 1;
				DEVELOPMENT_TEAM = JP4TN5PTS3;
				GENERATE_INFOPLIST_FILE = YES;
				MARKETING_VERSION = 1.0;
				PRODUCT_BUNDLE_IDENTIFIER = com.zzoutuo.AlarmPack.AlarmPackUITests;
				PRODUCT_NAME = "$(TARGET_NAME)";
				STRING_CATALOG_GENERATE_SYMBOLS = NO;
				SWIFT_APPROACHABLE_CONCURRENCY = YES;
				SWIFT_EMIT_LOC_STRINGS = NO;
				SWIFT_UPCOMING_FEATURE_MEMBER_IMPORT_VISIBILITY = YES;
				SWIFT_VERSION = 5.0;
				TARGETED_DEVICE_FAMILY = "1,2";
				TEST_TARGET_NAME = AlarmPack;
			};
			name = Release;
		};
		F0FFCDF60B23F907BF5AC6DC /* Release */ = {
			isa = XCBuildConfiguration;
			buildSettings = {
				ASSETCATALOG_COMPILER_GLOBAL_ACCENT_COLOR_NAME = AccentColor;
				CLANG_ENABLE_OBJC_WEAK = NO;
				CODE_SIGN_ENTITLEMENTS = AlarmPackWidget/AlarmPackWidget.entitlements;
				CODE_SIGN_STYLE = Automatic;
				CURRENT_PROJECT_VERSION = 1;
				DEVELOPMENT_TEAM = JP4TN5PTS3;
				GENERATE_INFOPLIST_FILE = YES;
				INFOPLIST_KEY_CFBundleDisplayName = AlarmPackWidget;
				INFOPLIST_KEY_NSHumanReadableCopyright = "";
				IPHONEOS_DEPLOYMENT_TARGET = 17.0;
				LD_RUNPATH_SEARCH_PATHS = (
					"$(inherited)",
					"@executable_path/Frameworks",
					"@executable_path/../../Frameworks",
				);
				MARKETING_VERSION = 1.0;
				PRODUCT_BUNDLE_IDENTIFIER = com.zzoutuo.AlarmPack.AlarmPackWidget;
				PRODUCT_NAME = "$(TARGET_NAME)";
				SDKROOT = iphoneos;
				SWIFT_APPROACHABLE_CONCURRENCY = YES;
				SWIFT_DEFAULT_ACTOR_ISOLATION = MainActor;
				SWIFT_EMIT_LOC_STRINGS = YES;
				SWIFT_VERSION = 5.0;
				TARGETED_DEVICE_FAMILY = "1,2";
				VALIDATE_PRODUCT = YES;
			};
			name = Release;
		};
/* End XCBuildConfiguration section */

/* Begin XCConfigurationList section */
		6A6805E22FBDFBEB00DE4AF1 /* Build configuration list for PBXProject "AlarmPack" */ = {
			isa = XCConfigurationList;
			buildConfigurations = (
				6A6806062FBDFBED00DE4AF1 /* Debug */,
				6A6806072FBDFBED00DE4AF1 /* Release */,
			);
			defaultConfigurationIsVisible = 0;
			defaultConfigurationName = Release;
		};
		6A6806082FBDFBED00DE4AF1 /* Build configuration list for PBXNativeTarget "AlarmPack" */ = {
			isa = XCConfigurationList;
			buildConfigurations = (
				6A6806092FBDFBED00DE4AF1 /* Debug */,
				6A68060A2FBDFBED00DE4AF1 /* Release */,
			);
			defaultConfigurationIsVisible = 0;
			defaultConfigurationName = Release;
		};
		6A68060B2FBDFBED00DE4AF1 /* Build configuration list for PBXNativeTarget "AlarmPackTests" */ = {
			isa = XCConfigurationList;
			buildConfigurations = (
				6A68060C2FBDFBED00DE4AF1 /* Debug */,
				6A68060D2FBDFBED00DE4AF1 /* Release */,
			);
			defaultConfigurationIsVisible = 0;
			defaultConfigurationName = Release;
		};
		6A68060E2FBDFBED00DE4AF1 /* Build configuration list for PBXNativeTarget "AlarmPackUITests" */ = {
			isa = XCConfigurationList;
			buildConfigurations = (
				6A68060F2FBDFBED00DE4AF1 /* Debug */,
				6A6806102FBDFBED00DE4AF1 /* Release */,
			);
			defaultConfigurationIsVisible = 0;
			defaultConfigurationName = Release;
		};
		BBC0B01216A66741378C19FF /* Build configuration list for PBXNativeTarget "AlarmPackWidget" */ = {
			isa = XCConfigurationList;
			buildConfigurations = (
				F0FFCDF60B23F907BF5AC6DC /* Release */,
				6A30D84AB4FF8DF6D0EF1914 /* Debug */,
			);
			defaultConfigurationIsVisible = 0;
			defaultConfigurationName = Release;
		};
/* End XCConfigurationList section */
	};
	rootObject = 6A6805DF2FBDFBEB00DE4AF1 /* Project object */;
}
